
Microsoft Visual Studio Solution File, Format Version 12.00
# Visual Studio 15
VisualStudioVersion = 15.0.26124.0
MinimumVisualStudioVersion = 15.0.26124.0
Project("{9A19103F-16F7-4668-BE54-9A1E7A4F7556}") = "Tournament", "Tournament\Tournament.csproj", "{7944D455-28E3-4DF7-B242-E5A215E4ACBE}"
EndProject
Project("{9A19103F-16F7-4668-BE54-9A1E7A4F7556}") = "Tournament.Tests", "Tournament.Tests\Tournament.Tests.csproj", "{B247E4F1-A7F1-4DA7-B948-B57559F877EE}"
EndProject
Global
	GlobalSection(SolutionConfigurationPlatforms) = preSolution
		Debug|Any CPU = Debug|Any CPU
		Debug|x64 = Debug|x64
		Debug|x86 = Debug|x86
		Release|Any CPU = Release|Any CPU
		Release|x64 = Release|x64
		Release|x86 = Release|x86
	EndGlobalSection
	GlobalSection(ProjectConfigurationPlatforms) = postSolution
		{7944D455-28E3-4DF7-B242-E5A215E4ACBE}.Debug|Any CPU.ActiveCfg = Debug|Any CPU
		{7944D455-28E3-4DF7-B242-E5A215E4ACBE}.Debug|Any CPU.Build.0 = Debug|Any CPU
		{7944D455-28E3-4DF7-B242-E5A215E4ACBE}.Debug|x64.ActiveCfg = Debug|Any CPU
		{7944D455-28E3-4DF7-B242-E5A215E4ACBE}.Debug|x64.Build.0 = Debug|Any CPU
		{7944D455-28E3-4DF7-B242-E5A215E4ACBE}.Debug|x86.ActiveCfg = Debug|Any CPU
		{7944D455-28E3-4DF7-B242-E5A215E4ACBE}.Debug|x86.Build.0 = Debug|Any CPU
		{7944D455-28E3-4DF7-B242-E5A215E4ACBE}.Release|Any CPU.ActiveCfg = Release|Any CPU
		{7944D455-28E3-4DF7-B242-E5A215E4ACBE}.Release|Any CPU.Build.0 = Release|Any CPU
		{7944D455-28E3-4DF7-B242-E5A215E4ACBE}.Release|x64.ActiveCfg = Release|Any CPU
		{7944D455-28E3-4DF7-B242-E5A215E4ACBE}.Release|x64.Build.0 = Release|Any CPU
		{7944D455-28E3-4DF7-B242-E5A215E4ACBE}.Release|x86.ActiveCfg = Release|Any CPU
		{7944D455-28E3-4DF7-B242-E5A215E4ACBE}.Release|x86.Build.0 = Release|Any CPU
		{B247E4F1-A7F1-4DA7-B948-B57559F877EE}.Debug|Any CPU.ActiveCfg = Debug|Any CPU
		{B247E4F1-A7F1-4DA7-B948-B57559F877EE}.Debug|Any CPU.Build.0 = Debug|Any CPU
		{B247E4F1-A7F1-4DA7-B948-B57559F877EE}.Debug|x64.ActiveCfg = Debug|Any CPU
		{B247E4F1-A7F1-4DA7-B948-B57559F877EE}.Debug|x64.Build.0 = Debug|Any CPU
		{B247E4F1-A7F1-4DA7-B948-B57559F877EE}.Debug|x86.ActiveCfg = Debug|Any CPU
		{B247E4F1-A7F1-4DA7-B948-B57559F877EE}.Debug|x86.Build.0 = Debug|Any CPU
		{B247E4F1-A7F1-4DA7-B948-B57559F877EE}.Release|Any CPU.ActiveCfg = Release|Any CPU
		{B247E4F1-A7F1-4DA7-B948-B57559F877EE}.Release|Any CPU.Build.0 = Release|Any CPU
		{B247E4F1-A7F1-4DA7-B948-B57559F877EE}.Release|x64.ActiveCfg = Release|Any CPU
		{B247E4F1-A7F1-4DA7-B948-B57559F877EE}.Release|x64.Build.0 = Release|Any CPU
		{B247E4F1-A7F1-4DA7-B948-B57559F877EE}.Release|x86.ActiveCfg = Release|Any CPU
		{B247E4F1-A7F1-4DA7-B948-B57559F877EE}.Release|x86.Build.0 = Release|Any CPU
	EndGlobalSection
	GlobalSection(SolutionProperties) = preSolution
		HideSolutionNode = FALSE
	EndGlobalSection
	GlobalSection(ExtensibilityGlobals) = postSolution
		SolutionGuid = {D1C2B986-BFAC-432F-B56A-83067122C3B9}
	EndGlobalSection
EndGlobal
